// !$*UTF8*$!
{
	archiveVersion = 1;
	classes = {
	};
	objectVersion = 50;
	objects = {

/* Begin PBXBuildFile section */
		ED6C4A1F260917C300B25FC5 /* main.cpp in Sources */ = {isa = PBXBuildFile; fileRef = ED6C4A1E260917C300B25FC5 /* main.cpp */; };
/* End PBXBuildFile section */

/* Begin PBXCopyFilesBuildPhase section */
		ED11EAF8260A58CE0008F6A3 /* CopyFiles */ = {
			isa = PBXCopyFilesBuildPhase;
			buildActionMask = 2147483647;
			dstPath = /usr/share/man/man1/;
			dstSubfolderSpec = 0;
			files = (
			);
			runOnlyForDeploymentPostprocessing = 1;
		};
		ED6C4A19260917C300B25FC5 /* CopyFiles */ = {
			isa = PBXCopyFilesBuildPhase;
			buildActionMask = 2147483647;
			dstPath = /usr/share/man/man1/;
			dstSubfolderSpec = 0;
			files = (
			);
			runOnlyForDeploymentPostprocessing = 1;
		};
/* End PBXCopyFilesBuildPhase section */

/* Begin PBXFileReference section */
		ED11EAFA260A58CE0008F6A3 /* test */ = {isa = PBXFileReference; explicitFileType = "compiled.mach-o.executable"; includeInIndex = 0; path = test; sourceTree = BUILT_PRODUCTS_DIR; };
		ED6C4A1B260917C300B25FC5 /* Projekt JPO */ = {isa = PBXFileReference; explicitFileType = "compiled.mach-o.executable"; includeInIndex = 0; path = "Projekt JPO"; sourceTree = BUILT_PRODUCTS_DIR; };
		ED6C4A1E260917C300B25FC5 /* main.cpp */ = {isa = PBXFileReference; lastKnownFileType = sourcecode.cpp.cpp; path = main.cpp; sourceTree = "<group>"; };
		ED6C4A2B260937A600B25FC5 /* Ticket.cpp */ = {isa = PBXFileReference; lastKnownFileType = sourcecode.cpp.cpp; path = Ticket.cpp; sourceTree = "<group>"; };
		ED6C4A2C260937A600B25FC5 /* Ticket.hpp */ = {isa = PBXFileReference; lastKnownFileType = sourcecode.cpp.h; path = Ticket.hpp; sourceTree = "<group>"; };
		ED6C4A3126093B8000B25FC5 /* Department.cpp */ = {isa = PBXFileReference; lastKnownFileType = sourcecode.cpp.cpp; path = Department.cpp; sourceTree = "<group>"; };
		ED6C4A3226093B8000B25FC5 /* Department.hpp */ = {isa = PBXFileReference; lastKnownFileType = sourcecode.cpp.h; path = Department.hpp; sourceTree = "<group>"; };
		ED6C4A3526093B9300B25FC5 /* User.cpp */ = {isa = PBXFileReference; lastKnownFileType = sourcecode.cpp.cpp; path = User.cpp; sourceTree = "<group>"; };
		ED6C4A3626093B9300B25FC5 /* User.hpp */ = {isa = PBXFileReference; lastKnownFileType = sourcecode.cpp.h; path = User.hpp; sourceTree = "<group>"; };
		ED6C4A3B26093C8C00B25FC5 /* System.cpp */ = {isa = PBXFileReference; lastKnownFileType = sourcecode.cpp.cpp; path = System.cpp; sourceTree = "<group>"; };
		ED6C4A3C26093C8C00B25FC5 /* System.hpp */ = {isa = PBXFileReference; lastKnownFileType = sourcecode.cpp.h; path = System.hpp; sourceTree = "<group>"; };
		EDC46756262398A000BB67BD /* libcurses.tbd */ = {isa = PBXFileReference; lastKnownFileType = "sourcecode.text-based-dylib-definition"; name = libcurses.tbd; path = usr/lib/libcurses.tbd; sourceTree = SDKROOT; };
/* End PBXFileReference section */

/* Begin PBXFrameworksBuildPhase section */
		ED11EAF7260A58CE0008F6A3 /* Frameworks */ = {
			isa = PBXFrameworksBuildPhase;
			buildActionMask = 2147483647;
			files = (
			);
			runOnlyForDeploymentPostprocessing = 0;
		};
		ED6C4A18260917C300B25FC5 /* Frameworks */ = {
			isa = PBXFrameworksBuildPhase;
			buildActionMask = 2147483647;
			files = (
			);
			runOnlyForDeploymentPostprocessing = 0;
		};
/* End PBXFrameworksBuildPhase section */

/* Begin PBXGroup section */
		ED6C4A12260917C300B25FC5 = {
			isa = PBXGroup;
			children = (
				ED6C4A1D260917C300B25FC5 /* Projekt JPO */,
				ED6C4A1C260917C300B25FC5 /* Products */,
				EDC467552623989F00BB67BD /* Frameworks */,
			);
			sourceTree = "<group>";
		};
		ED6C4A1C260917C300B25FC5 /* Products */ = {
			isa = PBXGroup;
			children = (
				ED6C4A1B260917C300B25FC5 /* Projekt JPO */,
				ED11EAFA260A58CE0008F6A3 /* test */,
			);
			name = Products;
			sourceTree = "<group>";
		};
		ED6C4A1D260917C300B25FC5 /* Projekt JPO */ = {
			isa = PBXGroup;
			children = (
				ED6C4A1E260917C300B25FC5 /* main.cpp */,
				ED6C4A2B260937A600B25FC5 /* Ticket.cpp */,
				ED6C4A2C260937A600B25FC5 /* Ticket.hpp */,
				ED6C4A3126093B8000B25FC5 /* Department.cpp */,
				ED6C4A3226093B8000B25FC5 /* Department.hpp */,
				ED6C4A3526093B9300B25FC5 /* User.cpp */,
				ED6C4A3626093B9300B25FC5 /* User.hpp */,
				ED6C4A3B26093C8C00B25FC5 /* System.cpp */,
				ED6C4A3C26093C8C00B25FC5 /* System.hpp */,
			);
			path = "Projekt JPO";
			sourceTree = "<group>";
		};
		EDC467552623989F00BB67BD /* Frameworks */ = {
			isa = PBXGroup;
			children = (
				EDC46756262398A000BB67BD /* libcurses.tbd */,
			);
			name = Frameworks;
			sourceTree = "<group>";
		};
/* End PBXGroup section */

/* Begin PBXNativeTarget section */
		ED11EAF9260A58CE0008F6A3 /* test */ = {
			isa = PBXNativeTarget;
			buildConfigurationList = ED11EAFE260A58CE0008F6A3 /* Build configuration list for PBXNativeTarget "test" */;
			buildPhases = (
				ED11EAF6260A58CE0008F6A3 /* Sources */,
				ED11EAF7260A58CE0008F6A3 /* Frameworks */,
				ED11EAF8260A58CE0008F6A3 /* CopyFiles */,
			);
			buildRules = (
			);
			dependencies = (
			);
			name = test;
			productName = test;
			productReference = ED11EAFA260A58CE0008F6A3 /* test */;
			productType = "com.apple.product-type.tool";
		};
		ED6C4A1A260917C300B25FC5 /* Projekt JPO */ = {
			isa = PBXNativeTarget;
			buildConfigurationList = ED6C4A22260917C300B25FC5 /* Build configuration list for PBXNativeTarget "Projekt JPO" */;
			buildPhases = (
				ED6C4A17260917C300B25FC5 /* Sources */,
				ED6C4A18260917C300B25FC5 /* Frameworks */,
				ED6C4A19260917C300B25FC5 /* CopyFiles */,
			);
			buildRules = (
			);
			dependencies = (
			);
			name = "Projekt JPO";
			productName = "Projekt JPO";
			productReference = ED6C4A1B260917C300B25FC5 /* Projekt JPO */;
			productType = "com.apple.product-type.tool";
		};
/* End PBXNativeTarget section */

/* Begin PBXProject section */
		ED6C4A13260917C300B25FC5 /* Project object */ = {
			isa = PBXProject;
			attributes = {
				LastUpgradeCheck = 1240;
				TargetAttributes = {
					ED11EAF9260A58CE0008F6A3 = {
						CreatedOnToolsVersion = 12.4;
					};
					ED6C4A1A260917C300B25FC5 = {
						CreatedOnToolsVersion = 12.4;
					};
				};
			};
			buildConfigurationList = ED6C4A16260917C300B25FC5 /* Build configuration list for PBXProject "Projekt JPO" */;
			compatibilityVersion = "Xcode 9.3";
			developmentRegion = en;
			hasScannedForEncodings = 0;
			knownRegions = (
				en,
				Base,
			);
			mainGroup = ED6C4A12260917C300B25FC5;
			productRefGroup = ED6C4A1C260917C300B25FC5 /* Products */;
			projectDirPath = "";
			projectRoot = "";
			targets = (
				ED6C4A1A260917C300B25FC5 /* Projekt JPO */,
				ED11EAF9260A58CE0008F6A3 /* test */,
			);
		};
/* End PBXProject section */

/* Begin PBXSourcesBuildPhase section */
		ED11EAF6260A58CE0008F6A3 /* Sources */ = {
			isa = PBXSourcesBuildPhase;
			buildActionMask = 2147483647;
			files = (
			);
			runOnlyForDeploymentPostprocessing = 0;
		};
		ED6C4A17260917C300B25FC5 /* Sources */ = {
			isa = PBXSourcesBuildPhase;
			buildActionMask = 2147483647;
			files = (
				ED6C4A1F260917C300B25FC5 /* main.cpp in Sources */,
			);
			runOnlyForDeploymentPostprocessing = 0;
		};
/* End PBXSourcesBuildPhase section */

/* Begin XCBuildConfiguration section */
		ED11EAFF260A58CE0008F6A3 /* Debug */ = {
			isa = XCBuildConfiguration;
			buildSettings = {
				CODE_SIGN_STYLE = Automatic;
				PRODUCT_NAME = "$(TARGET_NAME)";
			};
			name = Debug;
		};
		ED11EB00260A58CE0008F6A3 /* Release */ = {
			isa = XCBuildConfiguration;
			buildSettings = {
				CODE_SIGN_STYLE = Automatic;
				PRODUCT_NAME = "$(TARGET_NAME)";
			};
			name = Release;
		};
		ED6C4A20260917C300B25FC5 /* Debug */ = {
			isa = XCBuildConfiguration;
			buildSettings = {
				ALWAYS_SEARCH_USER_PATHS = NO;
				CLANG_ANALYZER_NONNULL = YES;
				CLANG_ANALYZER_NUMBER_OBJECT_CONVERSION = YES_AGGRESSIVE;
				CLANG_CXX_LANGUAGE_STANDARD = "gnu++14";
				CLANG_CXX_LIBRARY = "libc++";
				CLANG_ENABLE_MODULES = YES;
				CLANG_ENABLE_OBJC_ARC = YES;
				CLANG_ENABLE_OBJC_WEAK = YES;
				CLANG_WARN_BLOCK_CAPTURE_AUTORELEASING = YES;
				CLANG_WARN_BOOL_CONVERSION = YES;
				CLANG_WARN_COMMA = YES;
				CLANG_WARN_CONSTANT_CONVERSION = YES;
				CLANG_WARN_DEPRECATED_OBJC_IMPLEMENTATIONS = YES;
				CLANG_WARN_DIRECT_OBJC_ISA_USAGE = YES_ERROR;
				CLANG_WARN_DOCUMENTATION_COMMENTS = YES;
				CLANG_WARN_EMPTY_BODY = YES;
				CLANG_WARN_ENUM_CONVERSION = YES;
				CLANG_WARN_INFINITE_RECURSION = YES;
				CLANG_WARN_INT_CONVERSION = YES;
				CLANG_WARN_NON_LITERAL_NULL_CONVERSION = YES;
				CLANG_WARN_OBJC_IMPLICIT_RETAIN_SELF = YES;
				CLANG_WARN_OBJC_LITERAL_CONVERSION = YES;
				CLANG_WARN_OBJC_ROOT_CLASS = YES_ERROR;
				CLANG_WARN_QUOTED_INCLUDE_IN_FRAMEWORK_HEADER = YES;
				CLANG_WARN_RANGE_LOOP_ANALYSIS = YES;
				CLANG_WARN_STRICT_PROTOTYPES = YES;
				CLANG_WARN_SUSPICIOUS_MOVE = YES;
				CLANG_WARN_UNGUARDED_AVAILABILITY = YES_AGGRESSIVE;
				CLANG_WARN_UNREACHABLE_CODE = YES;
				CLANG_WARN__DUPLICATE_METHOD_MATCH = YES;
				COPY_PHASE_STRIP = NO;
				DEBUG_INFORMATION_FORMAT = dwarf;
				ENABLE_STRICT_OBJC_MSGSEND = YES;
				ENABLE_TESTABILITY = YES;
				GCC_C_LANGUAGE_STANDARD = gnu11;
				GCC_DYNAMIC_NO_PIC = NO;
				GCC_NO_COMMON_BLOCKS = YES;
				GCC_OPTIMIZATION_LEVEL = 0;
				GCC_PREPROCESSOR_DEFINITIONS = (
					"DEBUG=1",
					"$(inherited)",
				);
				GCC_WARN_64_TO_32_BIT_CONVERSION = YES;
				GCC_WARN_ABOUT_RETURN_TYPE = YES_ERROR;
				GCC_WARN_UNDECLARED_SELECTOR = YES;
				GCC_WARN_UNINITIALIZED_AUTOS = YES_AGGRESSIVE;
				GCC_WARN_UNUSED_FUNCTION = YES;
				GCC_WARN_UNUSED_VARIABLE = YES;
				MACOSX_DEPLOYMENT_TARGET = 11.1;
				MTL_ENABLE_DEBUG_INFO = INCLUDE_SOURCE;
				MTL_FAST_MATH = YES;
				ONLY_ACTIVE_ARCH = YES;
				SDKROOT = macosx;
			};
			name = Debug;
		};
		ED6C4A21260917C300B25FC5 /* Release */ = {
			isa = XCBuildConfiguration;
			buildSettings = {
				ALWAYS_SEARCH_USER_PATHS = NO;
				CLANG_ANALYZER_NONNULL = YES;
				CLANG_ANALYZER_NUMBER_OBJECT_CONVERSION = YES_AGGRESSIVE;
				CLANG_CXX_LANGUAGE_STANDARD = "gnu++14";
				CLANG_CXX_LIBRARY = "libc++";
				CLANG_ENABLE_MODULES = YES;
				CLANG_ENABLE_OBJC_ARC = YES;
				CLANG_ENABLE_OBJC_WEAK = YES;
				CLANG_WARN_BLOCK_CAPTURE_AUTORELEASING = YES;
				CLANG_WARN_BOOL_CONVERSION = YES;
				CLANG_WARN_COMMA = YES;
				CLANG_WARN_CONSTANT_CONVERSION = YES;
				CLANG_WARN_DEPRECATED_OBJC_IMPLEMENTATIONS = YES;
				CLANG_WARN_DIRECT_OBJC_ISA_USAGE = YES_ERROR;
				CLANG_WARN_DOCUMENTATION_COMMENTS = YES;
				CLANG_WARN_EMPTY_BODY = YES;
				CLANG_WARN_ENUM_CONVERSION = YES;
				CLANG_WARN_INFINITE_RECURSION = YES;
				CLANG_WARN_INT_CONVERSION = YES;
				CLANG_WARN_NON_LITERAL_NULL_CONVERSION = YES;
				CLANG_WARN_OBJC_IMPLICIT_RETAIN_SELF = YES;
				CLANG_WARN_OBJC_LITERAL_CONVERSION = YES;
				CLANG_WARN_OBJC_ROOT_CLASS = YES_ERROR;
				CLANG_WARN_QUOTED_INCLUDE_IN_FRAMEWORK_HEADER = YES;
				CLANG_WARN_RANGE_LOOP_ANALYSIS = YES;
				CLANG_WARN_STRICT_PROTOTYPES = YES;
				CLANG_WARN_SUSPICIOUS_MOVE = YES;
				CLANG_WARN_UNGUARDED_AVAILABILITY = YES_AGGRESSIVE;
				CLANG_WARN_UNREACHABLE_CODE = YES;
				CLANG_WARN__DUPLICATE_METHOD_MATCH = YES;
				COPY_PHASE_STRIP = NO;
				DEBUG_INFORMATION_FORMAT = "dwarf-with-dsym";
				ENABLE_NS_ASSERTIONS = NO;
				ENABLE_STRICT_OBJC_MSGSEND = YES;
				GCC_C_LANGUAGE_STANDARD = gnu11;
				GCC_NO_COMMON_BLOCKS = YES;
				GCC_WARN_64_TO_32_BIT_CONVERSION = YES;
				GCC_WARN_ABOUT_RETURN_TYPE = YES_ERROR;
				GCC_WARN_UNDECLARED_SELECTOR = YES;
				GCC_WARN_UNINITIALIZED_AUTOS = YES_AGGRESSIVE;
				GCC_WARN_UNUSED_FUNCTION = YES;
				GCC_WARN_UNUSED_VARIABLE = YES;
				MACOSX_DEPLOYMENT_TARGET = 11.1;
				MTL_ENABLE_DEBUG_INFO = NO;
				MTL_FAST_MATH = YES;
				SDKROOT = macosx;
			};
			name = Release;
		};
		ED6C4A23260917C300B25FC5 /* Debug */ = {
			isa = XCBuildConfiguration;
			buildSettings = {
				CODE_SIGN_STYLE = Automatic;
				OTHER_LDFLAGS = "-lcurses";
				PRODUCT_NAME = "$(TARGET_NAME)";
			};
			name = Debug;
		};
		ED6C4A24260917C300B25FC5 /* Release */ = {
			isa = XCBuildConfiguration;
			buildSettings = {
				CODE_SIGN_STYLE = Automatic;
				OTHER_LDFLAGS = "-lcurses";
				PRODUCT_NAME = "$(TARGET_NAME)";
			};
			name = Release;
		};
/* End XCBuildConfiguration section */

/* Begin XCConfigurationList section */
		ED11EAFE260A58CE0008F6A3 /* Build configuration list for PBXNativeTarget "test" */ = {
			isa = XCConfigurationList;
			buildConfigurations = (
				ED11EAFF260A58CE0008F6A3 /* Debug */,
				ED11EB00260A58CE0008F6A3 /* Release */,
			);
			defaultConfigurationIsVisible = 0;
			defaultConfigurationName = Release;
		};
		ED6C4A16260917C300B25FC5 /* Build configuration list for PBXProject "Projekt JPO" */ = {
			isa = XCConfigurationList;
			buildConfigurations = (
				ED6C4A20260917C300B25FC5 /* Debug */,
				ED6C4A21260917C300B25FC5 /* Release */,
			);
			defaultConfigurationIsVisible = 0;
			defaultConfigurationName = Release;
		};
		ED6C4A22260917C300B25FC5 /* Build configuration list for PBXNativeTarget "Projekt JPO" */ = {
			isa = XCConfigurationList;
			buildConfigurations = (
				ED6C4A23260917C300B25FC5 /* Debug */,
				ED6C4A24260917C300B25FC5 /* Release */,
			);
			defaultConfigurationIsVisible = 0;
			defaultConfigurationName = Release;
		};
/* End XCConfigurationList section */
	};
	rootObject = ED6C4A13260917C300B25FC5 /* Project object */;
}
